
Microsoft Visual Studio Solution File, Format Version 12.00
# Visual Studio Version 17
VisualStudioVersion = 17.4.33205.214
MinimumVisualStudioVersion = 10.0.40219.1
Project("{9A19103F-16F7-4668-BE54-9A1E7A4F7556}") = "Tester dotnet", "Tester dotnet.csproj", "{9A715D20-794E-49F3-8868-B0C8841ADF42}"
EndProject
Global
	GlobalSection(SolutionConfigurationPlatforms) = preSolution
		Debug|Any CPU = Debug|Any CPU
		Release|Any CPU = Release|Any CPU
	EndGlobalSection
	GlobalSection(ProjectConfigurationPlatforms) = postSolution
		{9A715D20-794E-49F3-8868-B0C8841ADF42}.Debug|Any CPU.ActiveCfg = Debug|Any CPU
		{9A715D20-794E-49F3-8868-B0C8841ADF42}.Debug|Any CPU.Build.0 = Debug|Any CPU
		{9A715D20-794E-49F3-8868-B0C8841ADF42}.Release|Any CPU.ActiveCfg = Release|Any CPU
		{9A715D20-794E-49F3-8868-B0C8841ADF42}.Release|Any CPU.Build.0 = Release|Any CPU
	EndGlobalSection
	GlobalSection(SolutionProperties) = preSolution
		HideSolutionNode = FALSE
	EndGlobalSection
	GlobalSection(ExtensibilityGlobals) = postSolution
		SolutionGuid = {F9D9F403-F243-4D35-B38D-3C5EF7295065}
	EndGlobalSection
EndGlobal
